
Microsoft Visual Studio Solution File, Format Version 9.00
# Visual C# Express 2005
Project("{FAE04EC0-301F-11D3-BF4B-00C04F79EFBC}") = "L2-Z5", "L2-Z5\L2-Z5.csproj", "{E01021D9-1B8A-4A3D-A83A-0C907367FFC1}"
EndProject
Global
	GlobalSection(SolutionConfigurationPlatforms) = preSolution
		Debug|Any CPU = Debug|Any CPU
		Release|Any CPU = Release|Any CPU
	EndGlobalSection
	GlobalSection(ProjectConfigurationPlatforms) = postSolution
		{E01021D9-1B8A-4A3D-A83A-0C907367FFC1}.Debug|Any CPU.ActiveCfg = Debug|Any CPU
		{E01021D9-1B8A-4A3D-A83A-0C907367FFC1}.Debug|Any CPU.Build.0 = Debug|Any CPU
		{E01021D9-1B8A-4A3D-A83A-0C907367FFC1}.Release|Any CPU.ActiveCfg = Release|Any CPU
		{E01021D9-1B8A-4A3D-A83A-0C907367FFC1}.Release|Any CPU.Build.0 = Release|Any CPU
	EndGlobalSection
	GlobalSection(SolutionProperties) = preSolution
		HideSolutionNode = FALSE
	EndGlobalSection
EndGlobal
